
Microsoft Visual Studio Solution File, Format Version 12.00
# Visual Studio Version 16
VisualStudioVersion = 16.0.29411.108
MinimumVisualStudioVersion = 10.0.40219.1
Project("{2150E333-8FDC-42A3-9474-1A3956D46DE8}") = "Solution Items", "Solution Items", "{016DD4F9-6C95-4B64-8881-A369E81165E5}"
	ProjectSection(SolutionItems) = preProject
		README.md = README.md
	EndProjectSection
EndProject
Project("{9A19103F-16F7-4668-BE54-9A1E7A4F7556}") = "GraphQLDemo", "src\GraphQLDemo.csproj", "{518EDFD5-C6CB-4CE0-8709-8741DE33C738}"
EndProject
Global
	GlobalSection(SolutionConfigurationPlatforms) = preSolution
		Debug|Any CPU = Debug|Any CPU
		Release|Any CPU = Release|Any CPU
	EndGlobalSection
	GlobalSection(ProjectConfigurationPlatforms) = postSolution
		{518EDFD5-C6CB-4CE0-8709-8741DE33C738}.Debug|Any CPU.ActiveCfg = Debug|Any CPU
		{518EDFD5-C6CB-4CE0-8709-8741DE33C738}.Debug|Any CPU.Build.0 = Debug|Any CPU
		{518EDFD5-C6CB-4CE0-8709-8741DE33C738}.Release|Any CPU.ActiveCfg = Release|Any CPU
		{518EDFD5-C6CB-4CE0-8709-8741DE33C738}.Release|Any CPU.Build.0 = Release|Any CPU
	EndGlobalSection
	GlobalSection(SolutionProperties) = preSolution
		HideSolutionNode = FALSE
	EndGlobalSection
	GlobalSection(ExtensibilityGlobals) = postSolution
		SolutionGuid = {128FD88D-F613-4835-AB7E-93E5FA733F6D}
	EndGlobalSection
EndGlobal
